Microsoft Visual Studio Solution File, Format Version 11.00
# Visual Studio 2010
Project("{FAE04EC0-301F-11D3-BF4B-00C04F79EFBC}") = "DXPivotGrid_SplittingCells", "DXPivotGrid_SplittingCells\DXPivotGrid_SplittingCells.csproj", "{BF5679EE-5409-410D-8FAF-96F14ADE8F3B}"
EndProject
Project("{FAE04EC0-301F-11D3-BF4B-00C04F79EFBC}") = "DXPivotGrid_SplittingCells.Web", "DXPivotGrid_SplittingCells.Web\DXPivotGrid_SplittingCells.Web.csproj", "{BDDD91A0-F723-43FA-AB70-FC3D2959C98E}"
EndProject
Global
	GlobalSection(SolutionConfigurationPlatforms) = preSolution
		Debug|Any CPU = Debug|Any CPU
		Release|Any CPU = Release|Any CPU
	EndGlobalSection
	GlobalSection(ProjectConfigurationPlatforms) = postSolution
		{BF5679EE-5409-410D-8FAF-96F14ADE8F3B}.Debug|Any CPU.ActiveCfg = Debug|Any CPU
		{BF5679EE-5409-410D-8FAF-96F14ADE8F3B}.Debug|Any CPU.Build.0 = Debug|Any CPU
		{BF5679EE-5409-410D-8FAF-96F14ADE8F3B}.Release|Any CPU.ActiveCfg = Release|Any CPU
		{BF5679EE-5409-410D-8FAF-96F14ADE8F3B}.Release|Any CPU.Build.0 = Release|Any CPU
		{BDDD91A0-F723-43FA-AB70-FC3D2959C98E}.Debug|Any CPU.ActiveCfg = Debug|Any CPU
		{BDDD91A0-F723-43FA-AB70-FC3D2959C98E}.Debug|Any CPU.Build.0 = Debug|Any CPU
		{BDDD91A0-F723-43FA-AB70-FC3D2959C98E}.Release|Any CPU.ActiveCfg = Release|Any CPU
		{BDDD91A0-F723-43FA-AB70-FC3D2959C98E}.Release|Any CPU.Build.0 = Release|Any CPU
	EndGlobalSection
	GlobalSection(SolutionProperties) = preSolution
		HideSolutionNode = FALSE
	EndGlobalSection
EndGlobal
